
Microsoft Visual Studio Solution File, Format Version 12.00
# Visual Studio Version 17
VisualStudioVersion = 17.3.32804.467
MinimumVisualStudioVersion = 10.0.40219.1
Project("{FAE04EC0-301F-11D3-BF4B-00C04F79EFBC}") = "Con_libms", "Con_libms\Con_libms.csproj", "{F614EA9B-AB39-4D61-9650-BB4C1751FAFA}"
EndProject
Global
	GlobalSection(SolutionConfigurationPlatforms) = preSolution
		Debug|Any CPU = Debug|Any CPU
		Release|Any CPU = Release|Any CPU
	EndGlobalSection
	GlobalSection(ProjectConfigurationPlatforms) = postSolution
		{F614EA9B-AB39-4D61-9650-BB4C1751FAFA}.Debug|Any CPU.ActiveCfg = Debug|Any CPU
		{F614EA9B-AB39-4D61-9650-BB4C1751FAFA}.Debug|Any CPU.Build.0 = Debug|Any CPU
		{F614EA9B-AB39-4D61-9650-BB4C1751FAFA}.Release|Any CPU.ActiveCfg = Release|Any CPU
		{F614EA9B-AB39-4D61-9650-BB4C1751FAFA}.Release|Any CPU.Build.0 = Release|Any CPU
	EndGlobalSection
	GlobalSection(SolutionProperties) = preSolution
		HideSolutionNode = FALSE
	EndGlobalSection
	GlobalSection(ExtensibilityGlobals) = postSolution
		SolutionGuid = {BC86405A-7C0A-4EB7-9CCD-C52FC815FEF6}
	EndGlobalSection
EndGlobal
